PODS:
  - GradientView (2.3.4)
  - ImageLoader (0.15.0)

DEPENDENCIES:
  - GradientView
  - ImageLoader

SPEC REPOS:
  trunk:
    - GradientView
    - ImageLoader

SPEC CHECKSUMS:
  GradientView: 61d79cc948bf66f9d453865794ace916c2ba0918
  ImageLoader: e0635d52020d64dc7687e3a3b14dc53212ac0442

PODFILE CHECKSUM: b3ee76268485f6f1e6ba93545c9cc6be05e5ce5d

COCOAPODS: 1.9.3
